
Microsoft Visual Studio Solution File, Format Version 12.00
# Visual Studio Version 17
VisualStudioVersion = 17.11.35303.130
MinimumVisualStudioVersion = 10.0.40219.1
Project("{FAE04EC0-301F-11D3-BF4B-00C04F79EFBC}") = "Employees", "Employees.csproj", "{90C87C0A-074C-4031-880C-BB25E671B25A}"
EndProject
Global
	GlobalSection(SolutionConfigurationPlatforms) = preSolution
		Debug|Any CPU = Debug|Any CPU
		Release|Any CPU = Release|Any CPU
	EndGlobalSection
	GlobalSection(ProjectConfigurationPlatforms) = postSolution
		{90C87C0A-074C-4031-880C-BB25E671B25A}.Debug|Any CPU.ActiveCfg = Debug|Any CPU
		{90C87C0A-074C-4031-880C-BB25E671B25A}.Debug|Any CPU.Build.0 = Debug|Any CPU
		{90C87C0A-074C-4031-880C-BB25E671B25A}.Release|Any CPU.ActiveCfg = Release|Any CPU
		{90C87C0A-074C-4031-880C-BB25E671B25A}.Release|Any CPU.Build.0 = Release|Any CPU
	EndGlobalSection
	GlobalSection(SolutionProperties) = preSolution
		HideSolutionNode = FALSE
	EndGlobalSection
	GlobalSection(ExtensibilityGlobals) = postSolution
		SolutionGuid = {5658D36F-F771-417B-AE69-BBB0D2E1ADF3}
	EndGlobalSection
EndGlobal
